
Microsoft Visual Studio Solution File, Format Version 12.00
# Visual Studio Version 17
VisualStudioVersion = 17.11.35327.3
MinimumVisualStudioVersion = 10.0.40219.1
Project("{8BC9CEB8-8B4A-11D0-8D11-00A0C91BC942}") = "gl2", "gl2\gl2.vcxproj", "{EE17907E-7915-43B5-A73A-29C98E320DDB}"
EndProject
Global
	GlobalSection(SolutionConfigurationPlatforms) = preSolution
		Debug|x64 = Debug|x64
		Debug|x86 = Debug|x86
		Release|x64 = Release|x64
		Release|x86 = Release|x86
	EndGlobalSection
	GlobalSection(ProjectConfigurationPlatforms) = postSolution
		{EE17907E-7915-43B5-A73A-29C98E320DDB}.Debug|x64.ActiveCfg = Debug|x64
		{EE17907E-7915-43B5-A73A-29C98E320DDB}.Debug|x64.Build.0 = Debug|x64
		{EE17907E-7915-43B5-A73A-29C98E320DDB}.Debug|x86.ActiveCfg = Debug|Win32
		{EE17907E-7915-43B5-A73A-29C98E320DDB}.Debug|x86.Build.0 = Debug|Win32
		{EE17907E-7915-43B5-A73A-29C98E320DDB}.Release|x64.ActiveCfg = Release|x64
		{EE17907E-7915-43B5-A73A-29C98E320DDB}.Release|x64.Build.0 = Release|x64
		{EE17907E-7915-43B5-A73A-29C98E320DDB}.Release|x86.ActiveCfg = Release|Win32
		{EE17907E-7915-43B5-A73A-29C98E320DDB}.Release|x86.Build.0 = Release|Win32
	EndGlobalSection
	GlobalSection(SolutionProperties) = preSolution
		HideSolutionNode = FALSE
	EndGlobalSection
	GlobalSection(ExtensibilityGlobals) = postSolution
		SolutionGuid = {283ED20F-E3F0-4E0E-A099-4CDB0112C9EE}
	EndGlobalSection
EndGlobal
